
Microsoft Visual Studio Solution File, Format Version 12.00
# Visual Studio 15
VisualStudioVersion = 15.0.28307.572
MinimumVisualStudioVersion = 10.0.40219.1
Project("{FAE04EC0-301F-11D3-BF4B-00C04F79EFBC}") = "MVCEventScheduler", "MVCEventScheduler\MVCEventScheduler.csproj", "{116205F3-AD8F-4D2E-9560-0CDBA5D3162F}"
EndProject
Global
	GlobalSection(SolutionConfigurationPlatforms) = preSolution
		Debug|Any CPU = Debug|Any CPU
		Release|Any CPU = Release|Any CPU
	EndGlobalSection
	GlobalSection(ProjectConfigurationPlatforms) = postSolution
		{116205F3-AD8F-4D2E-9560-0CDBA5D3162F}.Debug|Any CPU.ActiveCfg = Debug|Any CPU
		{116205F3-AD8F-4D2E-9560-0CDBA5D3162F}.Debug|Any CPU.Build.0 = Debug|Any CPU
		{116205F3-AD8F-4D2E-9560-0CDBA5D3162F}.Release|Any CPU.ActiveCfg = Release|Any CPU
		{116205F3-AD8F-4D2E-9560-0CDBA5D3162F}.Release|Any CPU.Build.0 = Release|Any CPU
	EndGlobalSection
	GlobalSection(SolutionProperties) = preSolution
		HideSolutionNode = FALSE
	EndGlobalSection
	GlobalSection(ExtensibilityGlobals) = postSolution
		SolutionGuid = {74A74E39-FFF4-47A6-B910-A4EDE1C52D20}
	EndGlobalSection
EndGlobal
